Microsoft Visual Studio Solution File, Format Version 11.00
# Visual Studio 2008

Project("{808C4446-BD7F-18A3-7B81-112E3A6DB1C2}") = "CP3311 Game Assignment 23-05-16 Complete", "Assembly-CSharp-firstpass.csproj", "{B6557F0B-883D-E586-C616-35ECA82E1DD3}"
EndProject
Project("{808C4446-BD7F-18A3-7B81-112E3A6DB1C2}") = "CP3311 Game Assignment 23-05-16 Complete", "Assembly-CSharp.csproj", "{65EA7B1F-7568-DCD6-1AFC-FCE7DEEFCA33}"
EndProject
Project("{808C4446-BD7F-18A3-7B81-112E3A6DB1C2}") = "CP3311 Game Assignment 23-05-16 Complete", "Assembly-CSharp-Editor.csproj", "{BC263577-BE30-7E71-DF26-0DBB4F894833}"
EndProject
Project("{808C4446-BD7F-18A3-7B81-112E3A6DB1C2}") = "CP3311 Game Assignment 23-05-16 Complete", "Assembly-UnityScript.unityproj", "{11642C9B-3A09-4601-84BA-7E36F69000A1}"
EndProject
Global
	GlobalSection(SolutionConfigurationPlatforms) = preSolution
		Debug|Any CPU = Debug|Any CPU
		Release|Any CPU = Release|Any CPU
	EndGlobalSection
	GlobalSection(ProjectConfigurationPlatforms) = postSolution
		{B6557F0B-883D-E586-C616-35ECA82E1DD3}.Debug|Any CPU.ActiveCfg = Debug|Any CPU
		{B6557F0B-883D-E586-C616-35ECA82E1DD3}.Debug|Any CPU.Build.0 = Debug|Any CPU
		{B6557F0B-883D-E586-C616-35ECA82E1DD3}.Release|Any CPU.ActiveCfg = Release|Any CPU
		{B6557F0B-883D-E586-C616-35ECA82E1DD3}.Release|Any CPU.Build.0 = Release|Any CPU
		{65EA7B1F-7568-DCD6-1AFC-FCE7DEEFCA33}.Debug|Any CPU.ActiveCfg = Debug|Any CPU
		{65EA7B1F-7568-DCD6-1AFC-FCE7DEEFCA33}.Debug|Any CPU.Build.0 = Debug|Any CPU
		{65EA7B1F-7568-DCD6-1AFC-FCE7DEEFCA33}.Release|Any CPU.ActiveCfg = Release|Any CPU
		{65EA7B1F-7568-DCD6-1AFC-FCE7DEEFCA33}.Release|Any CPU.Build.0 = Release|Any CPU
		{BC263577-BE30-7E71-DF26-0DBB4F894833}.Debug|Any CPU.ActiveCfg = Debug|Any CPU
		{BC263577-BE30-7E71-DF26-0DBB4F894833}.Debug|Any CPU.Build.0 = Debug|Any CPU
		{BC263577-BE30-7E71-DF26-0DBB4F894833}.Release|Any CPU.ActiveCfg = Release|Any CPU
		{BC263577-BE30-7E71-DF26-0DBB4F894833}.Release|Any CPU.Build.0 = Release|Any CPU
		{11642C9B-3A09-4601-84BA-7E36F69000A1}.Debug|Any CPU.ActiveCfg = Debug|Any CPU
		{11642C9B-3A09-4601-84BA-7E36F69000A1}.Debug|Any CPU.Build.0 = Debug|Any CPU
		{11642C9B-3A09-4601-84BA-7E36F69000A1}.Release|Any CPU.ActiveCfg = Release|Any CPU
		{11642C9B-3A09-4601-84BA-7E36F69000A1}.Release|Any CPU.Build.0 = Release|Any CPU
	EndGlobalSection
	GlobalSection(SolutionProperties) = preSolution
		HideSolutionNode = FALSE
	EndGlobalSection
	GlobalSection(MonoDevelopProperties) = preSolution
		StartupItem = Assembly-CSharp.csproj
	EndGlobalSection
EndGlobal
